{
    "name": "homebridge-aircontrol-mini",
    "version": "0.0.5",
    "lockfileVersion": 2,
    "requires": true,
    "packages": {
        "": {
            "name": "homebridge-aircontrol-mini",
            "version": "0.0.5",
            "license": "MIT",
            "dependencies": {
                "@jaller94/node-co2-monitor": "^0.3.4"
            },
            "engines": {
                "homebridge": ">=0.2.0",
                "node": ">=0.12.0"
            }
        },
        "node_modules/@jaller94/node-co2-monitor": {
            "version": "0.3.4",
            "resolved": "https://registry.npmjs.org/@jaller94/node-co2-monitor/-/node-co2-monitor-0.3.4.tgz",
            "integrity": "sha512-Or9ETKOL6Zzq233jwR7d2RjZXeg0iBP8sG4c14fw2sZyIx6u4vOnfkkbe0/s91wjv4C2/tfxffLCFcF1p9h/yA==",
            "os": [
                "linux",
                "win32",
                "darwin"
            ],
            "dependencies": {
                "usb": "^1.6.5"
            },
            "engines": {
                "node": ">=6.0"
            }
        },
        "node_modules/node-addon-api": {
            "version": "4.3.0",
            "resolved": "https://registry.npmjs.org/node-addon-api/-/node-addon-api-4.3.0.tgz",
            "integrity": "sha512-73sE9+3UaLYYFmDsFZnqCInzPyh3MqIwZO9cw58yIqAZhONrrabrYyYe3TuIqtIiOuTXVhsGau8hcrhhwSsDIQ=="
        },
        "node_modules/node-gyp-build": {
            "version": "4.5.0",
            "resolved": "https://registry.npmjs.org/node-gyp-build/-/node-gyp-build-4.5.0.tgz",
            "integrity": "sha512-2iGbaQBV+ITgCz76ZEjmhUKAKVf7xfY1sRl4UiKQspfZMH2h06SyhNsnSVy50cwkFQDGLyif6m/6uFXHkOZ6rg==",
            "bin": {
                "node-gyp-build": "bin.js",
                "node-gyp-build-optional": "optional.js",
                "node-gyp-build-test": "build-test.js"
            }
        },
        "node_modules/usb": {
            "version": "1.9.2",
            "resolved": "https://registry.npmjs.org/usb/-/usb-1.9.2.tgz",
            "integrity": "sha512-dryNz030LWBPAf6gj8vyq0Iev3vPbCLHCT8dBw3gQRXRzVNsIdeuU+VjPp3ksmSPkeMAl1k+kQ14Ij0QHyeiAg==",
            "hasInstallScript": true,
            "dependencies": {
                "node-addon-api": "^4.2.0",
                "node-gyp-build": "^4.3.0"
            },
            "engines": {
                "node": ">=10.16.0"
            }
        }
    },
    "dependencies": {
        "@jaller94/node-co2-monitor": {
            "version": "0.3.4",
            "resolved": "https://registry.npmjs.org/@jaller94/node-co2-monitor/-/node-co2-monitor-0.3.4.tgz",
            "integrity": "sha512-Or9ETKOL6Zzq233jwR7d2RjZXeg0iBP8sG4c14fw2sZyIx6u4vOnfkkbe0/s91wjv4C2/tfxffLCFcF1p9h/yA==",
            "requires": {
                "usb": "^1.6.5"
            }
        },
        "node-addon-api": {
            "version": "4.3.0",
            "resolved": "https://registry.npmjs.org/node-addon-api/-/node-addon-api-4.3.0.tgz",
            "integrity": "sha512-73sE9+3UaLYYFmDsFZnqCInzPyh3MqIwZO9cw58yIqAZhONrrabrYyYe3TuIqtIiOuTXVhsGau8hcrhhwSsDIQ=="
        },
        "node-gyp-build": {
            "version": "4.5.0",
            "resolved": "https://registry.npmjs.org/node-gyp-build/-/node-gyp-build-4.5.0.tgz",
            "integrity": "sha512-2iGbaQBV+ITgCz76ZEjmhUKAKVf7xfY1sRl4UiKQspfZMH2h06SyhNsnSVy50cwkFQDGLyif6m/6uFXHkOZ6rg=="
        },
        "usb": {
            "version": "1.9.2",
            "resolved": "https://registry.npmjs.org/usb/-/usb-1.9.2.tgz",
            "integrity": "sha512-dryNz030LWBPAf6gj8vyq0Iev3vPbCLHCT8dBw3gQRXRzVNsIdeuU+VjPp3ksmSPkeMAl1k+kQ14Ij0QHyeiAg==",
            "requires": {
                "node-addon-api": "^4.2.0",
                "node-gyp-build": "^4.3.0"
            }
        }
    }
}
